
Microsoft Visual Studio Solution File, Format Version 12.00
# Visual Studio Version 17
VisualStudioVersion = 17.3.32819.101
MinimumVisualStudioVersion = 10.0.40219.1
Project("{FAE04EC0-301F-11D3-BF4B-00C04F79EFBC}") = "MathLibrary", "MathLibrary\MathLibrary.csproj", "{C7E507FF-5D1A-4CAF-8A5D-EF44A7EA94C7}"
EndProject
Project("{FAE04EC0-301F-11D3-BF4B-00C04F79EFBC}") = "TestMAXMathLibrary", "TestMAXMathLibrary\TestMAXMathLibrary.csproj", "{D9FC50D2-8B21-4977-AF9C-E1869B93BA73}"
EndProject
Global
	GlobalSection(SolutionConfigurationPlatforms) = preSolution
		Debug|Any CPU = Debug|Any CPU
		Release|Any CPU = Release|Any CPU
	EndGlobalSection
	GlobalSection(ProjectConfigurationPlatforms) = postSolution
		{C7E507FF-5D1A-4CAF-8A5D-EF44A7EA94C7}.Debug|Any CPU.ActiveCfg = Debug|Any CPU
		{C7E507FF-5D1A-4CAF-8A5D-EF44A7EA94C7}.Debug|Any CPU.Build.0 = Debug|Any CPU
		{C7E507FF-5D1A-4CAF-8A5D-EF44A7EA94C7}.Release|Any CPU.ActiveCfg = Release|Any CPU
		{C7E507FF-5D1A-4CAF-8A5D-EF44A7EA94C7}.Release|Any CPU.Build.0 = Release|Any CPU
		{D9FC50D2-8B21-4977-AF9C-E1869B93BA73}.Debug|Any CPU.ActiveCfg = Debug|Any CPU
		{D9FC50D2-8B21-4977-AF9C-E1869B93BA73}.Debug|Any CPU.Build.0 = Debug|Any CPU
		{D9FC50D2-8B21-4977-AF9C-E1869B93BA73}.Release|Any CPU.ActiveCfg = Release|Any CPU
		{D9FC50D2-8B21-4977-AF9C-E1869B93BA73}.Release|Any CPU.Build.0 = Release|Any CPU
	EndGlobalSection
	GlobalSection(SolutionProperties) = preSolution
		HideSolutionNode = FALSE
	EndGlobalSection
	GlobalSection(ExtensibilityGlobals) = postSolution
		SolutionGuid = {DE2BA5A4-7A3D-43B7-864F-B7D369036A93}
	EndGlobalSection
EndGlobal
